
Microsoft Visual Studio Solution File, Format Version 11.00
# Visual C# Express 2010
Project("{FAE04EC0-301F-11D3-BF4B-00C04F79EFBC}") = "DropDownTreeView", "GISA.Controls\DropDownTreeView\DropDownTreeView.csproj", "{1584E999-76E5-4F93-BE3D-C2ED622C92FF}"
EndProject
Project("{FAE04EC0-301F-11D3-BF4B-00C04F79EFBC}") = "GISA.Controls.DoubleProgressBar", "GISA.Controls\DoubleProgressBar\GISA.Controls.DoubleProgressBar.csproj", "{7D7C60B4-CB5E-4714-BE8A-654CF83F02C9}"
EndProject
Project("{FAE04EC0-301F-11D3-BF4B-00C04F79EFBC}") = "GISA.Controls.PxBreadCrumbsPath", "GISA.Controls\PxBreadCrumbsPath\GISA.Controls.PxBreadCrumbsPath.csproj", "{A03DEE4B-BA32-4210-B823-5C960F59B32C}"
EndProject
Project("{FAE04EC0-301F-11D3-BF4B-00C04F79EFBC}") = "GISA.Controls.PxListView", "GISA.Controls\PxListView\GISA.Controls.PxListView.csproj", "{AFEBABBD-BA58-43DC-8AF4-CBCB5C645686}"
EndProject
Project("{FAE04EC0-301F-11D3-BF4B-00C04F79EFBC}") = "CustomCommandBuilder", "GISA.DBAccess\CustomCommandBuilder\CustomCommandBuilder.csproj", "{96F3E2F5-CDD5-4064-BE01-EDAB9D643207}"
EndProject
Project("{FAE04EC0-301F-11D3-BF4B-00C04F79EFBC}") = "DBAbstractDataLayer", "GISA.DBAccess\DBAbstractDataLayer\DBAbstractDataLayer.csproj", "{1AED060D-26D9-4C73-BFFB-F73989BDD373}"
EndProject
Project("{FAE04EC0-301F-11D3-BF4B-00C04F79EFBC}") = "GISA.Utils", "GISA.Utils\GISA.Utils.csproj", "{FA9FD233-78AD-42EA-B104-953264998A28}"
EndProject
Project("{FAE04EC0-301F-11D3-BF4B-00C04F79EFBC}") = "GISA.Reports", "GISA.Reports\GISA.Reports.csproj", "{7ECF5505-FF21-45C5-8517-6E815B4C9A0E}"
	ProjectSection(ProjectDependencies) = postProject
		{32444116-C646-4A6B-A177-74C4E410B1D1} = {32444116-C646-4A6B-A177-74C4E410B1D1}
		{FA9FD233-78AD-42EA-B104-953264998A28} = {FA9FD233-78AD-42EA-B104-953264998A28}
	EndProjectSection
EndProject
Project("{FAE04EC0-301F-11D3-BF4B-00C04F79EFBC}") = "GISA.Model", "GISA.Model\GISA.Model.csproj", "{32444116-C646-4A6B-A177-74C4E410B1D1}"
EndProject
Project("{FAE04EC0-301F-11D3-BF4B-00C04F79EFBC}") = "GISA.Controls.PxNumericBox", "GISA.Controls\PxNumericBox\GISA.Controls.PxNumericBox.csproj", "{62D16596-88DF-494B-8C5E-9413B50C3EE7}"
EndProject
Project("{FAE04EC0-301F-11D3-BF4B-00C04F79EFBC}") = "LumiSoft.UI", "GISA.Controls\OutlookBar\LS_UI\LumiSoft.UI.csproj", "{F4D46B69-C677-4465-9C41-A6235063EDD7}"
EndProject
Project("{FAE04EC0-301F-11D3-BF4B-00C04F79EFBC}") = "GISA.SharedResources", "GISA.SharedResources\GISA.SharedResources.csproj", "{FF599116-AB19-40CB-A5FE-9314646B212E}"
EndProject
Project("{FAE04EC0-301F-11D3-BF4B-00C04F79EFBC}") = "GISA.Search", "GISA.Search\GISA.Search.csproj", "{092BC027-F24B-4A5F-9CDA-2969CEF4F722}"
EndProject
Project("{FAE04EC0-301F-11D3-BF4B-00C04F79EFBC}") = "GISA", "GISA\GISA.csproj", "{3AA63FE6-1EDF-4DB9-8717-A2FDE9E184DB}"
	ProjectSection(ProjectDependencies) = postProject
		{21F1AD66-1C1E-454B-9264-914655338ABF} = {21F1AD66-1C1E-454B-9264-914655338ABF}
	EndProjectSection
EndProject
Project("{FAE04EC0-301F-11D3-BF4B-00C04F79EFBC}") = "GISA.Controls.PxComboBox", "GISA.Controls\PxComboBox\GISA.Controls.PxComboBox.csproj", "{A97E6388-1209-49F4-8B05-2B472D082809}"
EndProject
Project("{FAE04EC0-301F-11D3-BF4B-00C04F79EFBC}") = "GISA.Controls.PxDateBox", "GISA.Controls\PxDateBox\GISA.Controls.PxDateBox.csproj", "{58AD7224-ACCB-476A-A0FD-3EA277AD35CC}"
EndProject
Project("{FAE04EC0-301F-11D3-BF4B-00C04F79EFBC}") = "GISA.UnitTests", "GISA.UnitTests\GISA.UnitTests.csproj", "{D29154B9-571B-4C96-8821-71E17B571925}"
EndProject
Project("{FAE04EC0-301F-11D3-BF4B-00C04F79EFBC}") = "GISA.IntGestDoc", "GISA.IntGestDoc\GISA.IntGestDoc.csproj", "{F5551557-CF9F-4DF6-B64D-E88165877C34}"
EndProject
Project("{FAE04EC0-301F-11D3-BF4B-00C04F79EFBC}") = "GISA.Controls.Localizacao", "GISA.Controls\Localizacao\GISA.Controls.Localizacao.csproj", "{C56A5802-874B-4F6F-9F43-978545849A78}"
EndProject
Project("{FAE04EC0-301F-11D3-BF4B-00C04F79EFBC}") = "GISA.Controls.ControloAut", "GISA.Controls\GISA.Controls.ControloAut\GISA.Controls.ControloAut.csproj", "{70A59663-0E7E-47FD-96FF-3A605E195966}"
EndProject
Project("{FAE04EC0-301F-11D3-BF4B-00C04F79EFBC}") = "GISA.GUIHelper", "GISA.GUIHelper\GISA.GUIHelper.csproj", "{93248ED8-9C8F-4477-8B6F-1D5161FFE37B}"
EndProject
Project("{FAE04EC0-301F-11D3-BF4B-00C04F79EFBC}") = "GISA.Controls.Nivel", "GISA.Controls\GISA.Controls.Nivel\GISA.Controls.Nivel.csproj", "{5176195E-C1B0-4B24-AFFB-9BA6291F9A25}"
EndProject
Project("{FAE04EC0-301F-11D3-BF4B-00C04F79EFBC}") = "GISA.IntGestDoc.Tests", "GISA.IntGestDoc.Tests\GISA.IntGestDoc.Tests.csproj", "{4284803A-8F6E-4F40-BF69-757412C21C15}"
EndProject
Project("{FAE04EC0-301F-11D3-BF4B-00C04F79EFBC}") = "GISA.EADGen", "GISA.EADGen\GISA.EADGen.csproj", "{E2220D42-4184-48E9-AE97-E49C6FCBCBDA}"
EndProject
Project("{FAE04EC0-301F-11D3-BF4B-00C04F79EFBC}") = "FedoraHandler", "GISA.Fedora\Handler\FedoraHandler.csproj", "{21F1AD66-1C1E-454B-9264-914655338ABF}"
EndProject
Project("{FAE04EC0-301F-11D3-BF4B-00C04F79EFBC}") = "GISA.Webservices", "GISA.Webservices\GISA.Webservices.csproj", "{38063153-1424-4921-9296-A92645E198DE}"
EndProject
Project("{FAE04EC0-301F-11D3-BF4B-00C04F79EFBC}") = "GISA.Import", "GISA.Import\GISA.Import.csproj", "{71F2B044-CDED-494F-9857-F3D55454B1ED}"
EndProject
Project("{FAE04EC0-301F-11D3-BF4B-00C04F79EFBC}") = "GISA.Controls.PxDataGridView", "GISA.Controls\GISA.Controls.PxDataGridView\GISA.Controls.PxDataGridView.csproj", "{33B6E76F-8345-4AA1-9B7F-DFA9CBB476E9}"
EndProject
Global
	GlobalSection(SolutionConfigurationPlatforms) = preSolution
		Debug|Any CPU = Debug|Any CPU
		Debug|x86 = Debug|x86
		Release|Any CPU = Release|Any CPU
		Release|x86 = Release|x86
	EndGlobalSection
	GlobalSection(ProjectConfigurationPlatforms) = postSolution
		{1584E999-76E5-4F93-BE3D-C2ED622C92FF}.Debug|Any CPU.ActiveCfg = Debug|Any CPU
		{1584E999-76E5-4F93-BE3D-C2ED622C92FF}.Debug|Any CPU.Build.0 = Debug|Any CPU
		{1584E999-76E5-4F93-BE3D-C2ED622C92FF}.Debug|x86.ActiveCfg = Debug|x86
		{1584E999-76E5-4F93-BE3D-C2ED622C92FF}.Debug|x86.Build.0 = Debug|x86
		{1584E999-76E5-4F93-BE3D-C2ED622C92FF}.Release|Any CPU.ActiveCfg = Release|Any CPU
		{1584E999-76E5-4F93-BE3D-C2ED622C92FF}.Release|Any CPU.Build.0 = Release|Any CPU
		{1584E999-76E5-4F93-BE3D-C2ED622C92FF}.Release|x86.ActiveCfg = Release|x86
		{1584E999-76E5-4F93-BE3D-C2ED622C92FF}.Release|x86.Build.0 = Release|x86
		{7D7C60B4-CB5E-4714-BE8A-654CF83F02C9}.Debug|Any CPU.ActiveCfg = Debug|Any CPU
		{7D7C60B4-CB5E-4714-BE8A-654CF83F02C9}.Debug|Any CPU.Build.0 = Debug|Any CPU
		{7D7C60B4-CB5E-4714-BE8A-654CF83F02C9}.Debug|x86.ActiveCfg = Debug|x86
		{7D7C60B4-CB5E-4714-BE8A-654CF83F02C9}.Debug|x86.Build.0 = Debug|x86
		{7D7C60B4-CB5E-4714-BE8A-654CF83F02C9}.Release|Any CPU.ActiveCfg = Release|Any CPU
		{7D7C60B4-CB5E-4714-BE8A-654CF83F02C9}.Release|Any CPU.Build.0 = Release|Any CPU
		{7D7C60B4-CB5E-4714-BE8A-654CF83F02C9}.Release|x86.ActiveCfg = Release|x86
		{7D7C60B4-CB5E-4714-BE8A-654CF83F02C9}.Release|x86.Build.0 = Release|x86
		{A03DEE4B-BA32-4210-B823-5C960F59B32C}.Debug|Any CPU.ActiveCfg = Debug|Any CPU
		{A03DEE4B-BA32-4210-B823-5C960F59B32C}.Debug|Any CPU.Build.0 = Debug|Any CPU
		{A03DEE4B-BA32-4210-B823-5C960F59B32C}.Debug|x86.ActiveCfg = Debug|x86
		{A03DEE4B-BA32-4210-B823-5C960F59B32C}.Debug|x86.Build.0 = Debug|x86
		{A03DEE4B-BA32-4210-B823-5C960F59B32C}.Release|Any CPU.ActiveCfg = Release|Any CPU
		{A03DEE4B-BA32-4210-B823-5C960F59B32C}.Release|Any CPU.Build.0 = Release|Any CPU
		{A03DEE4B-BA32-4210-B823-5C960F59B32C}.Release|x86.ActiveCfg = Release|x86
		{A03DEE4B-BA32-4210-B823-5C960F59B32C}.Release|x86.Build.0 = Release|x86
		{AFEBABBD-BA58-43DC-8AF4-CBCB5C645686}.Debug|Any CPU.ActiveCfg = Debug|Any CPU
		{AFEBABBD-BA58-43DC-8AF4-CBCB5C645686}.Debug|Any CPU.Build.0 = Debug|Any CPU
		{AFEBABBD-BA58-43DC-8AF4-CBCB5C645686}.Debug|x86.ActiveCfg = Debug|x86
		{AFEBABBD-BA58-43DC-8AF4-CBCB5C645686}.Debug|x86.Build.0 = Debug|x86
		{AFEBABBD-BA58-43DC-8AF4-CBCB5C645686}.Release|Any CPU.ActiveCfg = Release|Any CPU
		{AFEBABBD-BA58-43DC-8AF4-CBCB5C645686}.Release|Any CPU.Build.0 = Release|Any CPU
		{AFEBABBD-BA58-43DC-8AF4-CBCB5C645686}.Release|x86.ActiveCfg = Release|x86
		{AFEBABBD-BA58-43DC-8AF4-CBCB5C645686}.Release|x86.Build.0 = Release|x86
		{96F3E2F5-CDD5-4064-BE01-EDAB9D643207}.Debug|Any CPU.ActiveCfg = Debug|Any CPU
		{96F3E2F5-CDD5-4064-BE01-EDAB9D643207}.Debug|Any CPU.Build.0 = Debug|Any CPU
		{96F3E2F5-CDD5-4064-BE01-EDAB9D643207}.Debug|x86.ActiveCfg = Debug|x86
		{96F3E2F5-CDD5-4064-BE01-EDAB9D643207}.Debug|x86.Build.0 = Debug|x86
		{96F3E2F5-CDD5-4064-BE01-EDAB9D643207}.Release|Any CPU.ActiveCfg = Release|Any CPU
		{96F3E2F5-CDD5-4064-BE01-EDAB9D643207}.Release|Any CPU.Build.0 = Release|Any CPU
		{96F3E2F5-CDD5-4064-BE01-EDAB9D643207}.Release|x86.ActiveCfg = Release|x86
		{96F3E2F5-CDD5-4064-BE01-EDAB9D643207}.Release|x86.Build.0 = Release|x86
		{1AED060D-26D9-4C73-BFFB-F73989BDD373}.Debug|Any CPU.ActiveCfg = Debug|Any CPU
		{1AED060D-26D9-4C73-BFFB-F73989BDD373}.Debug|Any CPU.Build.0 = Debug|Any CPU
		{1AED060D-26D9-4C73-BFFB-F73989BDD373}.Debug|x86.ActiveCfg = Debug|x86
		{1AED060D-26D9-4C73-BFFB-F73989BDD373}.Debug|x86.Build.0 = Debug|x86
		{1AED060D-26D9-4C73-BFFB-F73989BDD373}.Release|Any CPU.ActiveCfg = Release|Any CPU
		{1AED060D-26D9-4C73-BFFB-F73989BDD373}.Release|Any CPU.Build.0 = Release|Any CPU
		{1AED060D-26D9-4C73-BFFB-F73989BDD373}.Release|x86.ActiveCfg = Release|x86
		{1AED060D-26D9-4C73-BFFB-F73989BDD373}.Release|x86.Build.0 = Release|x86
		{FA9FD233-78AD-42EA-B104-953264998A28}.Debug|Any CPU.ActiveCfg = Debug|Any CPU
		{FA9FD233-78AD-42EA-B104-953264998A28}.Debug|Any CPU.Build.0 = Debug|Any CPU
		{FA9FD233-78AD-42EA-B104-953264998A28}.Debug|x86.ActiveCfg = Debug|x86
		{FA9FD233-78AD-42EA-B104-953264998A28}.Debug|x86.Build.0 = Debug|x86
		{FA9FD233-78AD-42EA-B104-953264998A28}.Release|Any CPU.ActiveCfg = Release|Any CPU
		{FA9FD233-78AD-42EA-B104-953264998A28}.Release|Any CPU.Build.0 = Release|Any CPU
		{FA9FD233-78AD-42EA-B104-953264998A28}.Release|x86.ActiveCfg = Release|x86
		{FA9FD233-78AD-42EA-B104-953264998A28}.Release|x86.Build.0 = Release|x86
		{7ECF5505-FF21-45C5-8517-6E815B4C9A0E}.Debug|Any CPU.ActiveCfg = Debug|Any CPU
		{7ECF5505-FF21-45C5-8517-6E815B4C9A0E}.Debug|Any CPU.Build.0 = Debug|Any CPU
		{7ECF5505-FF21-45C5-8517-6E815B4C9A0E}.Debug|x86.ActiveCfg = Debug|x86
		{7ECF5505-FF21-45C5-8517-6E815B4C9A0E}.Debug|x86.Build.0 = Debug|x86
		{7ECF5505-FF21-45C5-8517-6E815B4C9A0E}.Release|Any CPU.ActiveCfg = Release|Any CPU
		{7ECF5505-FF21-45C5-8517-6E815B4C9A0E}.Release|Any CPU.Build.0 = Release|Any CPU
		{7ECF5505-FF21-45C5-8517-6E815B4C9A0E}.Release|x86.ActiveCfg = Release|x86
		{7ECF5505-FF21-45C5-8517-6E815B4C9A0E}.Release|x86.Build.0 = Release|x86
		{32444116-C646-4A6B-A177-74C4E410B1D1}.Debug|Any CPU.ActiveCfg = Debug|Any CPU
		{32444116-C646-4A6B-A177-74C4E410B1D1}.Debug|Any CPU.Build.0 = Debug|Any CPU
		{32444116-C646-4A6B-A177-74C4E410B1D1}.Debug|x86.ActiveCfg = Debug|x86
		{32444116-C646-4A6B-A177-74C4E410B1D1}.Debug|x86.Build.0 = Debug|x86
		{32444116-C646-4A6B-A177-74C4E410B1D1}.Release|Any CPU.ActiveCfg = Release|Any CPU
		{32444116-C646-4A6B-A177-74C4E410B1D1}.Release|Any CPU.Build.0 = Release|Any CPU
		{32444116-C646-4A6B-A177-74C4E410B1D1}.Release|x86.ActiveCfg = Release|x86
		{32444116-C646-4A6B-A177-74C4E410B1D1}.Release|x86.Build.0 = Release|x86
		{62D16596-88DF-494B-8C5E-9413B50C3EE7}.Debug|Any CPU.ActiveCfg = Debug|Any CPU
		{62D16596-88DF-494B-8C5E-9413B50C3EE7}.Debug|Any CPU.Build.0 = Debug|Any CPU
		{62D16596-88DF-494B-8C5E-9413B50C3EE7}.Debug|x86.ActiveCfg = Debug|x86
		{62D16596-88DF-494B-8C5E-9413B50C3EE7}.Debug|x86.Build.0 = Debug|x86
		{62D16596-88DF-494B-8C5E-9413B50C3EE7}.Release|Any CPU.ActiveCfg = Release|Any CPU
		{62D16596-88DF-494B-8C5E-9413B50C3EE7}.Release|Any CPU.Build.0 = Release|Any CPU
		{62D16596-88DF-494B-8C5E-9413B50C3EE7}.Release|x86.ActiveCfg = Release|x86
		{62D16596-88DF-494B-8C5E-9413B50C3EE7}.Release|x86.Build.0 = Release|x86
		{F4D46B69-C677-4465-9C41-A6235063EDD7}.Debug|Any CPU.ActiveCfg = Debug|Any CPU
		{F4D46B69-C677-4465-9C41-A6235063EDD7}.Debug|Any CPU.Build.0 = Debug|Any CPU
		{F4D46B69-C677-4465-9C41-A6235063EDD7}.Debug|x86.ActiveCfg = Debug|x86
		{F4D46B69-C677-4465-9C41-A6235063EDD7}.Debug|x86.Build.0 = Debug|x86
		{F4D46B69-C677-4465-9C41-A6235063EDD7}.Release|Any CPU.ActiveCfg = Release|Any CPU
		{F4D46B69-C677-4465-9C41-A6235063EDD7}.Release|Any CPU.Build.0 = Release|Any CPU
		{F4D46B69-C677-4465-9C41-A6235063EDD7}.Release|x86.ActiveCfg = Release|x86
		{F4D46B69-C677-4465-9C41-A6235063EDD7}.Release|x86.Build.0 = Release|x86
		{FF599116-AB19-40CB-A5FE-9314646B212E}.Debug|Any CPU.ActiveCfg = Debug|Any CPU
		{FF599116-AB19-40CB-A5FE-9314646B212E}.Debug|Any CPU.Build.0 = Debug|Any CPU
		{FF599116-AB19-40CB-A5FE-9314646B212E}.Debug|x86.ActiveCfg = Debug|x86
		{FF599116-AB19-40CB-A5FE-9314646B212E}.Debug|x86.Build.0 = Debug|x86
		{FF599116-AB19-40CB-A5FE-9314646B212E}.Release|Any CPU.ActiveCfg = Release|Any CPU
		{FF599116-AB19-40CB-A5FE-9314646B212E}.Release|Any CPU.Build.0 = Release|Any CPU
		{FF599116-AB19-40CB-A5FE-9314646B212E}.Release|x86.ActiveCfg = Release|x86
		{FF599116-AB19-40CB-A5FE-9314646B212E}.Release|x86.Build.0 = Release|x86
		{092BC027-F24B-4A5F-9CDA-2969CEF4F722}.Debug|Any CPU.ActiveCfg = Debug|Any CPU
		{092BC027-F24B-4A5F-9CDA-2969CEF4F722}.Debug|Any CPU.Build.0 = Debug|Any CPU
		{092BC027-F24B-4A5F-9CDA-2969CEF4F722}.Debug|x86.ActiveCfg = Debug|x86
		{092BC027-F24B-4A5F-9CDA-2969CEF4F722}.Debug|x86.Build.0 = Debug|x86
		{092BC027-F24B-4A5F-9CDA-2969CEF4F722}.Release|Any CPU.ActiveCfg = Release|Any CPU
		{092BC027-F24B-4A5F-9CDA-2969CEF4F722}.Release|Any CPU.Build.0 = Release|Any CPU
		{092BC027-F24B-4A5F-9CDA-2969CEF4F722}.Release|x86.ActiveCfg = Release|x86
		{092BC027-F24B-4A5F-9CDA-2969CEF4F722}.Release|x86.Build.0 = Release|x86
		{3AA63FE6-1EDF-4DB9-8717-A2FDE9E184DB}.Debug|Any CPU.ActiveCfg = Debug|Any CPU
		{3AA63FE6-1EDF-4DB9-8717-A2FDE9E184DB}.Debug|Any CPU.Build.0 = Debug|Any CPU
		{3AA63FE6-1EDF-4DB9-8717-A2FDE9E184DB}.Debug|x86.ActiveCfg = Debug|x86
		{3AA63FE6-1EDF-4DB9-8717-A2FDE9E184DB}.Debug|x86.Build.0 = Debug|x86
		{3AA63FE6-1EDF-4DB9-8717-A2FDE9E184DB}.Release|Any CPU.ActiveCfg = Release|Any CPU
		{3AA63FE6-1EDF-4DB9-8717-A2FDE9E184DB}.Release|Any CPU.Build.0 = Release|Any CPU
		{3AA63FE6-1EDF-4DB9-8717-A2FDE9E184DB}.Release|x86.ActiveCfg = Release|x86
		{3AA63FE6-1EDF-4DB9-8717-A2FDE9E184DB}.Release|x86.Build.0 = Release|x86
		{A97E6388-1209-49F4-8B05-2B472D082809}.Debug|Any CPU.ActiveCfg = Debug|Any CPU
		{A97E6388-1209-49F4-8B05-2B472D082809}.Debug|Any CPU.Build.0 = Debug|Any CPU
		{A97E6388-1209-49F4-8B05-2B472D082809}.Debug|x86.ActiveCfg = Debug|x86
		{A97E6388-1209-49F4-8B05-2B472D082809}.Debug|x86.Build.0 = Debug|x86
		{A97E6388-1209-49F4-8B05-2B472D082809}.Release|Any CPU.ActiveCfg = Release|Any CPU
		{A97E6388-1209-49F4-8B05-2B472D082809}.Release|Any CPU.Build.0 = Release|Any CPU
		{A97E6388-1209-49F4-8B05-2B472D082809}.Release|x86.ActiveCfg = Release|x86
		{A97E6388-1209-49F4-8B05-2B472D082809}.Release|x86.Build.0 = Release|x86
		{58AD7224-ACCB-476A-A0FD-3EA277AD35CC}.Debug|Any CPU.ActiveCfg = Debug|Any CPU
		{58AD7224-ACCB-476A-A0FD-3EA277AD35CC}.Debug|Any CPU.Build.0 = Debug|Any CPU
		{58AD7224-ACCB-476A-A0FD-3EA277AD35CC}.Debug|x86.ActiveCfg = Debug|x86
		{58AD7224-ACCB-476A-A0FD-3EA277AD35CC}.Debug|x86.Build.0 = Debug|x86
		{58AD7224-ACCB-476A-A0FD-3EA277AD35CC}.Release|Any CPU.ActiveCfg = Release|Any CPU
		{58AD7224-ACCB-476A-A0FD-3EA277AD35CC}.Release|Any CPU.Build.0 = Release|Any CPU
		{58AD7224-ACCB-476A-A0FD-3EA277AD35CC}.Release|x86.ActiveCfg = Release|x86
		{58AD7224-ACCB-476A-A0FD-3EA277AD35CC}.Release|x86.Build.0 = Release|x86
		{D29154B9-571B-4C96-8821-71E17B571925}.Debug|Any CPU.ActiveCfg = Debug|Any CPU
		{D29154B9-571B-4C96-8821-71E17B571925}.Debug|Any CPU.Build.0 = Debug|Any CPU
		{D29154B9-571B-4C96-8821-71E17B571925}.Debug|x86.ActiveCfg = Debug|x86
		{D29154B9-571B-4C96-8821-71E17B571925}.Debug|x86.Build.0 = Debug|x86
		{D29154B9-571B-4C96-8821-71E17B571925}.Release|Any CPU.ActiveCfg = Release|Any CPU
		{D29154B9-571B-4C96-8821-71E17B571925}.Release|Any CPU.Build.0 = Release|Any CPU
		{D29154B9-571B-4C96-8821-71E17B571925}.Release|x86.ActiveCfg = Release|x86
		{D29154B9-571B-4C96-8821-71E17B571925}.Release|x86.Build.0 = Release|x86
		{F5551557-CF9F-4DF6-B64D-E88165877C34}.Debug|Any CPU.ActiveCfg = Debug|Any CPU
		{F5551557-CF9F-4DF6-B64D-E88165877C34}.Debug|Any CPU.Build.0 = Debug|Any CPU
		{F5551557-CF9F-4DF6-B64D-E88165877C34}.Debug|x86.ActiveCfg = Debug|x86
		{F5551557-CF9F-4DF6-B64D-E88165877C34}.Debug|x86.Build.0 = Debug|x86
		{F5551557-CF9F-4DF6-B64D-E88165877C34}.Release|Any CPU.ActiveCfg = Release|Any CPU
		{F5551557-CF9F-4DF6-B64D-E88165877C34}.Release|Any CPU.Build.0 = Release|Any CPU
		{F5551557-CF9F-4DF6-B64D-E88165877C34}.Release|x86.ActiveCfg = Release|x86
		{F5551557-CF9F-4DF6-B64D-E88165877C34}.Release|x86.Build.0 = Release|x86
		{C56A5802-874B-4F6F-9F43-978545849A78}.Debug|Any CPU.ActiveCfg = Debug|Any CPU
		{C56A5802-874B-4F6F-9F43-978545849A78}.Debug|Any CPU.Build.0 = Debug|Any CPU
		{C56A5802-874B-4F6F-9F43-978545849A78}.Debug|x86.ActiveCfg = Debug|x86
		{C56A5802-874B-4F6F-9F43-978545849A78}.Debug|x86.Build.0 = Debug|x86
		{C56A5802-874B-4F6F-9F43-978545849A78}.Release|Any CPU.ActiveCfg = Release|Any CPU
		{C56A5802-874B-4F6F-9F43-978545849A78}.Release|Any CPU.Build.0 = Release|Any CPU
		{C56A5802-874B-4F6F-9F43-978545849A78}.Release|x86.ActiveCfg = Release|x86
		{C56A5802-874B-4F6F-9F43-978545849A78}.Release|x86.Build.0 = Release|x86
		{70A59663-0E7E-47FD-96FF-3A605E195966}.Debug|Any CPU.ActiveCfg = Debug|Any CPU
		{70A59663-0E7E-47FD-96FF-3A605E195966}.Debug|Any CPU.Build.0 = Debug|Any CPU
		{70A59663-0E7E-47FD-96FF-3A605E195966}.Debug|x86.ActiveCfg = Debug|x86
		{70A59663-0E7E-47FD-96FF-3A605E195966}.Debug|x86.Build.0 = Debug|x86
		{70A59663-0E7E-47FD-96FF-3A605E195966}.Release|Any CPU.ActiveCfg = Release|Any CPU
		{70A59663-0E7E-47FD-96FF-3A605E195966}.Release|Any CPU.Build.0 = Release|Any CPU
		{70A59663-0E7E-47FD-96FF-3A605E195966}.Release|x86.ActiveCfg = Release|x86
		{70A59663-0E7E-47FD-96FF-3A605E195966}.Release|x86.Build.0 = Release|x86
		{93248ED8-9C8F-4477-8B6F-1D5161FFE37B}.Debug|Any CPU.ActiveCfg = Debug|Any CPU
		{93248ED8-9C8F-4477-8B6F-1D5161FFE37B}.Debug|Any CPU.Build.0 = Debug|Any CPU
		{93248ED8-9C8F-4477-8B6F-1D5161FFE37B}.Debug|x86.ActiveCfg = Debug|x86
		{93248ED8-9C8F-4477-8B6F-1D5161FFE37B}.Debug|x86.Build.0 = Debug|x86
		{93248ED8-9C8F-4477-8B6F-1D5161FFE37B}.Release|Any CPU.ActiveCfg = Release|Any CPU
		{93248ED8-9C8F-4477-8B6F-1D5161FFE37B}.Release|Any CPU.Build.0 = Release|Any CPU
		{93248ED8-9C8F-4477-8B6F-1D5161FFE37B}.Release|x86.ActiveCfg = Release|x86
		{93248ED8-9C8F-4477-8B6F-1D5161FFE37B}.Release|x86.Build.0 = Release|x86
		{5176195E-C1B0-4B24-AFFB-9BA6291F9A25}.Debug|Any CPU.ActiveCfg = Debug|Any CPU
		{5176195E-C1B0-4B24-AFFB-9BA6291F9A25}.Debug|Any CPU.Build.0 = Debug|Any CPU
		{5176195E-C1B0-4B24-AFFB-9BA6291F9A25}.Debug|x86.ActiveCfg = Debug|x86
		{5176195E-C1B0-4B24-AFFB-9BA6291F9A25}.Debug|x86.Build.0 = Debug|x86
		{5176195E-C1B0-4B24-AFFB-9BA6291F9A25}.Release|Any CPU.ActiveCfg = Release|Any CPU
		{5176195E-C1B0-4B24-AFFB-9BA6291F9A25}.Release|Any CPU.Build.0 = Release|Any CPU
		{5176195E-C1B0-4B24-AFFB-9BA6291F9A25}.Release|x86.ActiveCfg = Release|x86
		{5176195E-C1B0-4B24-AFFB-9BA6291F9A25}.Release|x86.Build.0 = Release|x86
		{4284803A-8F6E-4F40-BF69-757412C21C15}.Debug|Any CPU.ActiveCfg = Debug|Any CPU
		{4284803A-8F6E-4F40-BF69-757412C21C15}.Debug|Any CPU.Build.0 = Debug|Any CPU
		{4284803A-8F6E-4F40-BF69-757412C21C15}.Debug|x86.ActiveCfg = Debug|x86
		{4284803A-8F6E-4F40-BF69-757412C21C15}.Debug|x86.Build.0 = Debug|x86
		{4284803A-8F6E-4F40-BF69-757412C21C15}.Release|Any CPU.ActiveCfg = Release|Any CPU
		{4284803A-8F6E-4F40-BF69-757412C21C15}.Release|Any CPU.Build.0 = Release|Any CPU
		{4284803A-8F6E-4F40-BF69-757412C21C15}.Release|x86.ActiveCfg = Release|x86
		{4284803A-8F6E-4F40-BF69-757412C21C15}.Release|x86.Build.0 = Release|x86
		{E2220D42-4184-48E9-AE97-E49C6FCBCBDA}.Debug|Any CPU.ActiveCfg = Debug|Any CPU
		{E2220D42-4184-48E9-AE97-E49C6FCBCBDA}.Debug|Any CPU.Build.0 = Debug|Any CPU
		{E2220D42-4184-48E9-AE97-E49C6FCBCBDA}.Debug|x86.ActiveCfg = Debug|x86
		{E2220D42-4184-48E9-AE97-E49C6FCBCBDA}.Debug|x86.Build.0 = Debug|x86
		{E2220D42-4184-48E9-AE97-E49C6FCBCBDA}.Release|Any CPU.ActiveCfg = Release|Any CPU
		{E2220D42-4184-48E9-AE97-E49C6FCBCBDA}.Release|Any CPU.Build.0 = Release|Any CPU
		{E2220D42-4184-48E9-AE97-E49C6FCBCBDA}.Release|x86.ActiveCfg = Release|x86
		{E2220D42-4184-48E9-AE97-E49C6FCBCBDA}.Release|x86.Build.0 = Release|x86
		{21F1AD66-1C1E-454B-9264-914655338ABF}.Debug|Any CPU.ActiveCfg = Debug|Any CPU
		{21F1AD66-1C1E-454B-9264-914655338ABF}.Debug|Any CPU.Build.0 = Debug|Any CPU
		{21F1AD66-1C1E-454B-9264-914655338ABF}.Debug|x86.ActiveCfg = Debug|x86
		{21F1AD66-1C1E-454B-9264-914655338ABF}.Debug|x86.Build.0 = Debug|x86
		{21F1AD66-1C1E-454B-9264-914655338ABF}.Release|Any CPU.ActiveCfg = Release|Any CPU
		{21F1AD66-1C1E-454B-9264-914655338ABF}.Release|Any CPU.Build.0 = Release|Any CPU
		{21F1AD66-1C1E-454B-9264-914655338ABF}.Release|x86.ActiveCfg = Release|x86
		{21F1AD66-1C1E-454B-9264-914655338ABF}.Release|x86.Build.0 = Release|x86
		{38063153-1424-4921-9296-A92645E198DE}.Debug|Any CPU.ActiveCfg = Debug|Any CPU
		{38063153-1424-4921-9296-A92645E198DE}.Debug|Any CPU.Build.0 = Debug|Any CPU
		{38063153-1424-4921-9296-A92645E198DE}.Debug|x86.ActiveCfg = Debug|x86
		{38063153-1424-4921-9296-A92645E198DE}.Debug|x86.Build.0 = Debug|x86
		{38063153-1424-4921-9296-A92645E198DE}.Release|Any CPU.ActiveCfg = Release|Any CPU
		{38063153-1424-4921-9296-A92645E198DE}.Release|Any CPU.Build.0 = Release|Any CPU
		{38063153-1424-4921-9296-A92645E198DE}.Release|x86.ActiveCfg = Release|x86
		{38063153-1424-4921-9296-A92645E198DE}.Release|x86.Build.0 = Release|x86
		{71F2B044-CDED-494F-9857-F3D55454B1ED}.Debug|Any CPU.ActiveCfg = Debug|Any CPU
		{71F2B044-CDED-494F-9857-F3D55454B1ED}.Debug|Any CPU.Build.0 = Debug|Any CPU
		{71F2B044-CDED-494F-9857-F3D55454B1ED}.Debug|x86.ActiveCfg = Debug|x86
		{71F2B044-CDED-494F-9857-F3D55454B1ED}.Debug|x86.Build.0 = Debug|x86
		{71F2B044-CDED-494F-9857-F3D55454B1ED}.Release|Any CPU.ActiveCfg = Release|Any CPU
		{71F2B044-CDED-494F-9857-F3D55454B1ED}.Release|Any CPU.Build.0 = Release|Any CPU
		{71F2B044-CDED-494F-9857-F3D55454B1ED}.Release|x86.ActiveCfg = Release|x86
		{71F2B044-CDED-494F-9857-F3D55454B1ED}.Release|x86.Build.0 = Release|x86
		{33B6E76F-8345-4AA1-9B7F-DFA9CBB476E9}.Debug|Any CPU.ActiveCfg = Debug|x86
		{33B6E76F-8345-4AA1-9B7F-DFA9CBB476E9}.Debug|x86.ActiveCfg = Debug|x86
		{33B6E76F-8345-4AA1-9B7F-DFA9CBB476E9}.Debug|x86.Build.0 = Debug|x86
		{33B6E76F-8345-4AA1-9B7F-DFA9CBB476E9}.Release|Any CPU.ActiveCfg = Release|x86
		{33B6E76F-8345-4AA1-9B7F-DFA9CBB476E9}.Release|x86.ActiveCfg = Release|x86
		{33B6E76F-8345-4AA1-9B7F-DFA9CBB476E9}.Release|x86.Build.0 = Release|x86
	EndGlobalSection
	GlobalSection(SolutionProperties) = preSolution
		HideSolutionNode = FALSE
	EndGlobalSection
EndGlobal
