Microsoft Visual Studio Solution File, Format Version 10.00
# Visual C# Express 2008
Project("{F184B08F-C81C-45F6-A57F-5ABD9991F28F}") = "GISAMetaModelGenerator", "GISAMetaModelGenerator.vbproj", "{89F82882-A79A-444C-8BC0-1FDAD73249C8}"
EndProject
Global
	GlobalSection(SolutionConfigurationPlatforms) = preSolution
		Debug|Default = Debug|Default
		Release|Default = Release|Default
	EndGlobalSection
	GlobalSection(ProjectConfigurationPlatforms) = postSolution
		{89F82882-A79A-444C-8BC0-1FDAD73249C8}.Debug|Default.ActiveCfg = Debug|Any CPU
		{89F82882-A79A-444C-8BC0-1FDAD73249C8}.Debug|Default.Build.0 = Debug|Any CPU
		{89F82882-A79A-444C-8BC0-1FDAD73249C8}.Release|Default.ActiveCfg = Release|Any CPU
		{89F82882-A79A-444C-8BC0-1FDAD73249C8}.Release|Default.Build.0 = Release|Any CPU
	EndGlobalSection
	GlobalSection(SolutionProperties) = preSolution
		HideSolutionNode = FALSE
	EndGlobalSection
EndGlobal
